// !$*UTF8*$!
{
	archiveVersion = 1;
	classes = {
	};
	objectVersion = 56;
	objects = {

/* Begin PBXBuildFile section */
		32E1DDC12B92644400A4BB6D /* RealityKitContent in Frameworks */ = {isa = PBXBuildFile; productRef = 32E1DDC02B92644400A4BB6D /* RealityKitContent */; };
		32E1DDC32B92644400A4BB6D /* VisionOS_SimpleOrnamentExampleApp.swift in Sources */ = {isa = PBXBuildFile; fileRef = 32E1DDC22B92644400A4BB6D /* VisionOS_SimpleOrnamentExampleApp.swift */; };
		32E1DDC52B92644400A4BB6D /* ContentView.swift in Sources */ = {isa = PBXBuildFile; fileRef = 32E1DDC42B92644400A4BB6D /* ContentView.swift */; };
		32E1DDC72B92644400A4BB6D /* ImmersiveView.swift in Sources */ = {isa = PBXBuildFile; fileRef = 32E1DDC62B92644400A4BB6D /* ImmersiveView.swift */; };
		32E1DDC92B92644400A4BB6D /* ImageBasedLighting.skybox in Resources */ = {isa = PBXBuildFile; fileRef = 32E1DDC82B92644400A4BB6D /* ImageBasedLighting.skybox */; };
		32E1DDCB2B92644500A4BB6D /* Assets.xcassets in Resources */ = {isa = PBXBuildFile; fileRef = 32E1DDCA2B92644500A4BB6D /* Assets.xcassets */; };
		32E1DDCE2B92644500A4BB6D /* Preview Assets.xcassets in Resources */ = {isa = PBXBuildFile; fileRef = 32E1DDCD2B92644500A4BB6D /* Preview Assets.xcassets */; };
/* End PBXBuildFile section */

/* Begin PBXFileReference section */
		32E1DDBB2B92644400A4BB6D /* VisionOS_SimpleOrnamentExample.app */ = {isa = PBXFileReference; explicitFileType = wrapper.application; includeInIndex = 0; path = VisionOS_SimpleOrnamentExample.app; sourceTree = BUILT_PRODUCTS_DIR; };
		32E1DDBF2B92644400A4BB6D /* RealityKitContent */ = {isa = PBXFileReference; lastKnownFileType = wrapper; path = RealityKitContent; sourceTree = "<group>"; };
		32E1DDC22B92644400A4BB6D /* VisionOS_SimpleOrnamentExampleApp.swift */ = {isa = PBXFileReference; lastKnownFileType = sourcecode.swift; path = VisionOS_SimpleOrnamentExampleApp.swift; sourceTree = "<group>"; };
		32E1DDC42B92644400A4BB6D /* ContentView.swift */ = {isa = PBXFileReference; lastKnownFileType = sourcecode.swift; path = ContentView.swift; sourceTree = "<group>"; };
		32E1DDC62B92644400A4BB6D /* ImmersiveView.swift */ = {isa = PBXFileReference; lastKnownFileType = sourcecode.swift; path = ImmersiveView.swift; sourceTree = "<group>"; };
		32E1DDC82B92644400A4BB6D /* ImageBasedLighting.skybox */ = {isa = PBXFileReference; lastKnownFileType = file.skybox; path = ImageBasedLighting.skybox; sourceTree = "<group>"; };
		32E1DDCA2B92644500A4BB6D /* Assets.xcassets */ = {isa = PBXFileReference; lastKnownFileType = folder.assetcatalog; path = Assets.xcassets; sourceTree = "<group>"; };
		32E1DDCD2B92644500A4BB6D /* Preview Assets.xcassets */ = {isa = PBXFileReference; lastKnownFileType = folder.assetcatalog; path = "Preview Assets.xcassets"; sourceTree = "<group>"; };
		32E1DDCF2B92644500A4BB6D /* Info.plist */ = {isa = PBXFileReference; lastKnownFileType = text.plist.xml; path = Info.plist; sourceTree = "<group>"; };
/* End PBXFileReference section */

/* Begin PBXFrameworksBuildPhase section */
		32E1DDB82B92644400A4BB6D /* Frameworks */ = {
			isa = PBXFrameworksBuildPhase;
			buildActionMask = 2147483647;
			files = (
				32E1DDC12B92644400A4BB6D /* RealityKitContent in Frameworks */,
			);
			runOnlyForDeploymentPostprocessing = 0;
		};
/* End PBXFrameworksBuildPhase section */

/* Begin PBXGroup section */
		32E1DDB22B92644400A4BB6D = {
			isa = PBXGroup;
			children = (
				32E1DDBD2B92644400A4BB6D /* VisionOS_SimpleOrnamentExample */,
				32E1DDBE2B92644400A4BB6D /* Packages */,
				32E1DDBC2B92644400A4BB6D /* Products */,
			);
			sourceTree = "<group>";
		};
		32E1DDBC2B92644400A4BB6D /* Products */ = {
			isa = PBXGroup;
			children = (
				32E1DDBB2B92644400A4BB6D /* VisionOS_SimpleOrnamentExample.app */,
			);
			name = Products;
			sourceTree = "<group>";
		};
		32E1DDBD2B92644400A4BB6D /* VisionOS_SimpleOrnamentExample */ = {
			isa = PBXGroup;
			children = (
				32E1DDC22B92644400A4BB6D /* VisionOS_SimpleOrnamentExampleApp.swift */,
				32E1DDC42B92644400A4BB6D /* ContentView.swift */,
				32E1DDC62B92644400A4BB6D /* ImmersiveView.swift */,
				32E1DDC82B92644400A4BB6D /* ImageBasedLighting.skybox */,
				32E1DDCA2B92644500A4BB6D /* Assets.xcassets */,
				32E1DDCF2B92644500A4BB6D /* Info.plist */,
				32E1DDCC2B92644500A4BB6D /* Preview Content */,
			);
			path = VisionOS_SimpleOrnamentExample;
			sourceTree = "<group>";
		};
		32E1DDBE2B92644400A4BB6D /* Packages */ = {
			isa = PBXGroup;
			children = (
				32E1DDBF2B92644400A4BB6D /* RealityKitContent */,
			);
			path = Packages;
			sourceTree = "<group>";
		};
		32E1DDCC2B92644500A4BB6D /* Preview Content */ = {
			isa = PBXGroup;
			children = (
				32E1DDCD2B92644500A4BB6D /* Preview Assets.xcassets */,
			);
			path = "Preview Content";
			sourceTree = "<group>";
		};
/* End PBXGroup section */

/* Begin PBXNativeTarget section */
		32E1DDBA2B92644400A4BB6D /* VisionOS_SimpleOrnamentExample */ = {
			isa = PBXNativeTarget;
			buildConfigurationList = 32E1DDD22B92644500A4BB6D /* Build configuration list for PBXNativeTarget "VisionOS_SimpleOrnamentExample" */;
			buildPhases = (
				32E1DDB72B92644400A4BB6D /* Sources */,
				32E1DDB82B92644400A4BB6D /* Frameworks */,
				32E1DDB92B92644400A4BB6D /* Resources */,
			);
			buildRules = (
			);
			dependencies = (
			);
			name = VisionOS_SimpleOrnamentExample;
			packageProductDependencies = (
				32E1DDC02B92644400A4BB6D /* RealityKitContent */,
			);
			productName = VisionOS_SimpleOrnamentExample;
			productReference = 32E1DDBB2B92644400A4BB6D /* VisionOS_SimpleOrnamentExample.app */;
			productType = "com.apple.product-type.application";
		};
/* End PBXNativeTarget section */

/* Begin PBXProject section */
		32E1DDB32B92644400A4BB6D /* Project object */ = {
			isa = PBXProject;
			attributes = {
				BuildIndependentTargetsInParallel = 1;
				LastSwiftUpdateCheck = 1520;
				LastUpgradeCheck = 1520;
				TargetAttributes = {
					32E1DDBA2B92644400A4BB6D = {
						CreatedOnToolsVersion = 15.2;
					};
				};
			};
			buildConfigurationList = 32E1DDB62B92644400A4BB6D /* Build configuration list for PBXProject "VisionOS_SimpleOrnamentExample" */;
			compatibilityVersion = "Xcode 14.0";
			developmentRegion = en;
			hasScannedForEncodings = 0;
			knownRegions = (
				en,
				Base,
			);
			mainGroup = 32E1DDB22B92644400A4BB6D;
			productRefGroup = 32E1DDBC2B92644400A4BB6D /* Products */;
			projectDirPath = "";
			projectRoot = "";
			targets = (
				32E1DDBA2B92644400A4BB6D /* VisionOS_SimpleOrnamentExample */,
			);
		};
/* End PBXProject section */

/* Begin PBXResourcesBuildPhase section */
		32E1DDB92B92644400A4BB6D /* Resources */ = {
			isa = PBXResourcesBuildPhase;
			buildActionMask = 2147483647;
			files = (
				32E1DDCB2B92644500A4BB6D /* Assets.xcassets in Resources */,
				32E1DDCE2B92644500A4BB6D /* Preview Assets.xcassets in Resources */,
				32E1DDC92B92644400A4BB6D /* ImageBasedLighting.skybox in Resources */,
			);
			runOnlyForDeploymentPostprocessing = 0;
		};
/* End PBXResourcesBuildPhase section */

/* Begin PBXSourcesBuildPhase section */
		32E1DDB72B92644400A4BB6D /* Sources */ = {
			isa = PBXSourcesBuildPhase;
			buildActionMask = 2147483647;
			files = (
				32E1DDC52B92644400A4BB6D /* ContentView.swift in Sources */,
				32E1DDC32B92644400A4BB6D /* VisionOS_SimpleOrnamentExampleApp.swift in Sources */,
				32E1DDC72B92644400A4BB6D /* ImmersiveView.swift in Sources */,
			);
			runOnlyForDeploymentPostprocessing = 0;
		};
/* End PBXSourcesBuildPhase section */

/* Begin XCBuildConfiguration section */
		32E1DDD02B92644500A4BB6D /* Debug */ = {
			isa = XCBuildConfiguration;
			buildSettings = {
				ALWAYS_SEARCH_USER_PATHS = NO;
				ASSETCATALOG_COMPILER_GENERATE_SWIFT_ASSET_SYMBOL_EXTENSIONS = YES;
				CLANG_ANALYZER_NONNULL = YES;
				CLANG_ANALYZER_NUMBER_OBJECT_CONVERSION = YES_AGGRESSIVE;
				CLANG_CXX_LANGUAGE_STANDARD = "gnu++20";
				CLANG_ENABLE_MODULES = YES;
				CLANG_ENABLE_OBJC_ARC = YES;
				CLANG_ENABLE_OBJC_WEAK = YES;
				CLANG_WARN_BLOCK_CAPTURE_AUTORELEASING = YES;
				CLANG_WARN_BOOL_CONVERSION = YES;
				CLANG_WARN_COMMA = YES;
				CLANG_WARN_CONSTANT_CONVERSION = YES;
				CLANG_WARN_DEPRECATED_OBJC_IMPLEMENTATIONS = YES;
				CLANG_WARN_DIRECT_OBJC_ISA_USAGE = YES_ERROR;
				CLANG_WARN_DOCUMENTATION_COMMENTS = YES;
				CLANG_WARN_EMPTY_BODY = YES;
				CLANG_WARN_ENUM_CONVERSION = YES;
				CLANG_WARN_INFINITE_RECURSION = YES;
				CLANG_WARN_INT_CONVERSION = YES;
				CLANG_WARN_NON_LITERAL_NULL_CONVERSION = YES;
				CLANG_WARN_OBJC_IMPLICIT_RETAIN_SELF = YES;
				CLANG_WARN_OBJC_LITERAL_CONVERSION = YES;
				CLANG_WARN_OBJC_ROOT_CLASS = YES_ERROR;
				CLANG_WARN_QUOTED_INCLUDE_IN_FRAMEWORK_HEADER = YES;
				CLANG_WARN_RANGE_LOOP_ANALYSIS = YES;
				CLANG_WARN_STRICT_PROTOTYPES = YES;
				CLANG_WARN_SUSPICIOUS_MOVE = YES;
				CLANG_WARN_UNGUARDED_AVAILABILITY = YES_AGGRESSIVE;
				CLANG_WARN_UNREACHABLE_CODE = YES;
				CLANG_WARN__DUPLICATE_METHOD_MATCH = YES;
				COPY_PHASE_STRIP = NO;
				DEBUG_INFORMATION_FORMAT = dwarf;
				ENABLE_STRICT_OBJC_MSGSEND = YES;
				ENABLE_TESTABILITY = YES;
				ENABLE_USER_SCRIPT_SANDBOXING = YES;
				GCC_C_LANGUAGE_STANDARD = gnu17;
				GCC_DYNAMIC_NO_PIC = NO;
				GCC_NO_COMMON_BLOCKS = YES;
				GCC_OPTIMIZATION_LEVEL = 0;
				GCC_PREPROCESSOR_DEFINITIONS = (
					"DEBUG=1",
					"$(inherited)",
				);
				GCC_WARN_64_TO_32_BIT_CONVERSION = YES;
				GCC_WARN_ABOUT_RETURN_TYPE = YES_ERROR;
				GCC_WARN_UNDECLARED_SELECTOR = YES;
				GCC_WARN_UNINITIALIZED_AUTOS = YES_AGGRESSIVE;
				GCC_WARN_UNUSED_FUNCTION = YES;
				GCC_WARN_UNUSED_VARIABLE = YES;
				LOCALIZATION_PREFERS_STRING_CATALOGS = YES;
				MTL_ENABLE_DEBUG_INFO = INCLUDE_SOURCE;
				MTL_FAST_MATH = YES;
				ONLY_ACTIVE_ARCH = YES;
				SDKROOT = xros;
				SWIFT_ACTIVE_COMPILATION_CONDITIONS = "DEBUG $(inherited)";
				SWIFT_OPTIMIZATION_LEVEL = "-Onone";
				XROS_DEPLOYMENT_TARGET = 1.0;
			};
			name = Debug;
		};
		32E1DDD12B92644500A4BB6D /* Release */ = {
			isa = XCBuildConfiguration;
			buildSettings = {
				ALWAYS_SEARCH_USER_PATHS = NO;
				ASSETCATALOG_COMPILER_GENERATE_SWIFT_ASSET_SYMBOL_EXTENSIONS = YES;
				CLANG_ANALYZER_NONNULL = YES;
				CLANG_ANALYZER_NUMBER_OBJECT_CONVERSION = YES_AGGRESSIVE;
				CLANG_CXX_LANGUAGE_STANDARD = "gnu++20";
				CLANG_ENABLE_MODULES = YES;
				CLANG_ENABLE_OBJC_ARC = YES;
				CLANG_ENABLE_OBJC_WEAK = YES;
				CLANG_WARN_BLOCK_CAPTURE_AUTORELEASING = YES;
				CLANG_WARN_BOOL_CONVERSION = YES;
				CLANG_WARN_COMMA = YES;
				CLANG_WARN_CONSTANT_CONVERSION = YES;
				CLANG_WARN_DEPRECATED_OBJC_IMPLEMENTATIONS = YES;
				CLANG_WARN_DIRECT_OBJC_ISA_USAGE = YES_ERROR;
				CLANG_WARN_DOCUMENTATION_COMMENTS = YES;
				CLANG_WARN_EMPTY_BODY = YES;
				CLANG_WARN_ENUM_CONVERSION = YES;
				CLANG_WARN_INFINITE_RECURSION = YES;
				CLANG_WARN_INT_CONVERSION = YES;
				CLANG_WARN_NON_LITERAL_NULL_CONVERSION = YES;
				CLANG_WARN_OBJC_IMPLICIT_RETAIN_SELF = YES;
				CLANG_WARN_OBJC_LITERAL_CONVERSION = YES;
				CLANG_WARN_OBJC_ROOT_CLASS = YES_ERROR;
				CLANG_WARN_QUOTED_INCLUDE_IN_FRAMEWORK_HEADER = YES;
				CLANG_WARN_RANGE_LOOP_ANALYSIS = YES;
				CLANG_WARN_STRICT_PROTOTYPES = YES;
				CLANG_WARN_SUSPICIOUS_MOVE = YES;
				CLANG_WARN_UNGUARDED_AVAILABILITY = YES_AGGRESSIVE;
				CLANG_WARN_UNREACHABLE_CODE = YES;
				CLANG_WARN__DUPLICATE_METHOD_MATCH = YES;
				COPY_PHASE_STRIP = NO;
				DEBUG_INFORMATION_FORMAT = "dwarf-with-dsym";
				ENABLE_NS_ASSERTIONS = NO;
				ENABLE_STRICT_OBJC_MSGSEND = YES;
				ENABLE_USER_SCRIPT_SANDBOXING = YES;
				GCC_C_LANGUAGE_STANDARD = gnu17;
				GCC_NO_COMMON_BLOCKS = YES;
				GCC_WARN_64_TO_32_BIT_CONVERSION = YES;
				GCC_WARN_ABOUT_RETURN_TYPE = YES_ERROR;
				GCC_WARN_UNDECLARED_SELECTOR = YES;
				GCC_WARN_UNINITIALIZED_AUTOS = YES_AGGRESSIVE;
				GCC_WARN_UNUSED_FUNCTION = YES;
				GCC_WARN_UNUSED_VARIABLE = YES;
				LOCALIZATION_PREFERS_STRING_CATALOGS = YES;
				MTL_ENABLE_DEBUG_INFO = NO;
				MTL_FAST_MATH = YES;
				SDKROOT = xros;
				SWIFT_COMPILATION_MODE = wholemodule;
				VALIDATE_PRODUCT = YES;
				XROS_DEPLOYMENT_TARGET = 1.0;
			};
			name = Release;
		};
		32E1DDD32B92644500A4BB6D /* Debug */ = {
			isa = XCBuildConfiguration;
			buildSettings = {
				ASSETCATALOG_COMPILER_APPICON_NAME = AppIcon;
				ASSETCATALOG_COMPILER_GLOBAL_ACCENT_COLOR_NAME = AccentColor;
				CODE_SIGN_STYLE = Automatic;
				CURRENT_PROJECT_VERSION = 1;
				DEVELOPMENT_ASSET_PATHS = "\"VisionOS_SimpleOrnamentExample/Preview Content\"";
				DEVELOPMENT_TEAM = SB7H664UEC;
				ENABLE_PREVIEWS = YES;
				GENERATE_INFOPLIST_FILE = YES;
				INFOPLIST_FILE = "$(TARGET_NAME)/Info.plist";
				LD_RUNPATH_SEARCH_PATHS = (
					"$(inherited)",
					"@executable_path/Frameworks",
				);
				MARKETING_VERSION = 1.0;
				PRODUCT_BUNDLE_IDENTIFIER = "owlexandria.VisionOS-SimpleOrnamentExample";
				PRODUCT_NAME = "$(TARGET_NAME)";
				SUPPORTED_PLATFORMS = "xros xrsimulator";
				SWIFT_EMIT_LOC_STRINGS = YES;
				SWIFT_VERSION = 5.0;
				TARGETED_DEVICE_FAMILY = "1,2,7";
			};
			name = Debug;
		};
		32E1DDD42B92644500A4BB6D /* Release */ = {
			isa = XCBuildConfiguration;
			buildSettings = {
				ASSETCATALOG_COMPILER_APPICON_NAME = AppIcon;
				ASSETCATALOG_COMPILER_GLOBAL_ACCENT_COLOR_NAME = AccentColor;
				CODE_SIGN_STYLE = Automatic;
				CURRENT_PROJECT_VERSION = 1;
				DEVELOPMENT_ASSET_PATHS = "\"VisionOS_SimpleOrnamentExample/Preview Content\"";
				DEVELOPMENT_TEAM = SB7H664UEC;
				ENABLE_PREVIEWS = YES;
				GENERATE_INFOPLIST_FILE = YES;
				INFOPLIST_FILE = "$(TARGET_NAME)/Info.plist";
				LD_RUNPATH_SEARCH_PATHS = (
					"$(inherited)",
					"@executable_path/Frameworks",
				);
				MARKETING_VERSION = 1.0;
				PRODUCT_BUNDLE_IDENTIFIER = "owlexandria.VisionOS-SimpleOrnamentExample";
				PRODUCT_NAME = "$(TARGET_NAME)";
				SUPPORTED_PLATFORMS = "xros xrsimulator";
				SWIFT_EMIT_LOC_STRINGS = YES;
				SWIFT_VERSION = 5.0;
				TARGETED_DEVICE_FAMILY = "1,2,7";
			};
			name = Release;
		};
/* End XCBuildConfiguration section */

/* Begin XCConfigurationList section */
		32E1DDB62B92644400A4BB6D /* Build configuration list for PBXProject "VisionOS_SimpleOrnamentExample" */ = {
			isa = XCConfigurationList;
			buildConfigurations = (
				32E1DDD02B92644500A4BB6D /* Debug */,
				32E1DDD12B92644500A4BB6D /* Release */,
			);
			defaultConfigurationIsVisible = 0;
			defaultConfigurationName = Release;
		};
		32E1DDD22B92644500A4BB6D /* Build configuration list for PBXNativeTarget "VisionOS_SimpleOrnamentExample" */ = {
			isa = XCConfigurationList;
			buildConfigurations = (
				32E1DDD32B92644500A4BB6D /* Debug */,
				32E1DDD42B92644500A4BB6D /* Release */,
			);
			defaultConfigurationIsVisible = 0;
			defaultConfigurationName = Release;
		};
/* End XCConfigurationList section */

/* Begin XCSwiftPackageProductDependency section */
		32E1DDC02B92644400A4BB6D /* RealityKitContent */ = {
			isa = XCSwiftPackageProductDependency;
			productName = RealityKitContent;
		};
/* End XCSwiftPackageProductDependency section */
	};
	rootObject = 32E1DDB32B92644400A4BB6D /* Project object */;
}
