// !$*UTF8*$!
{
	archiveVersion = 1;
	classes = {
	};
	objectVersion = 56;
	objects = {

/* Begin PBXBuildFile section */
		32A1DAB22B89E33C00EE66CD /* RealityKitContent in Frameworks */ = {isa = PBXBuildFile; productRef = 32A1DAB12B89E33C00EE66CD /* RealityKitContent */; };
		32A1DAB42B89E33C00EE66CD /* VisionOS_AmbientAudioApp.swift in Sources */ = {isa = PBXBuildFile; fileRef = 32A1DAB32B89E33C00EE66CD /* VisionOS_AmbientAudioApp.swift */; };
		32A1DAB62B89E33C00EE66CD /* ContentView.swift in Sources */ = {isa = PBXBuildFile; fileRef = 32A1DAB52B89E33C00EE66CD /* ContentView.swift */; };
		32A1DAB82B89E33C00EE66CD /* ImmersiveView.swift in Sources */ = {isa = PBXBuildFile; fileRef = 32A1DAB72B89E33C00EE66CD /* ImmersiveView.swift */; };
		32A1DABA2B89E33C00EE66CD /* ImageBasedLighting.skybox in Resources */ = {isa = PBXBuildFile; fileRef = 32A1DAB92B89E33C00EE66CD /* ImageBasedLighting.skybox */; };
		32A1DABC2B89E33D00EE66CD /* Assets.xcassets in Resources */ = {isa = PBXBuildFile; fileRef = 32A1DABB2B89E33D00EE66CD /* Assets.xcassets */; };
		32A1DABF2B89E33D00EE66CD /* Preview Assets.xcassets in Resources */ = {isa = PBXBuildFile; fileRef = 32A1DABE2B89E33D00EE66CD /* Preview Assets.xcassets */; };
/* End PBXBuildFile section */

/* Begin PBXFileReference section */
		32A1DAAC2B89E33C00EE66CD /* VisionOS_AmbientAudio.app */ = {isa = PBXFileReference; explicitFileType = wrapper.application; includeInIndex = 0; path = VisionOS_AmbientAudio.app; sourceTree = BUILT_PRODUCTS_DIR; };
		32A1DAB02B89E33C00EE66CD /* RealityKitContent */ = {isa = PBXFileReference; lastKnownFileType = wrapper; path = RealityKitContent; sourceTree = "<group>"; };
		32A1DAB32B89E33C00EE66CD /* VisionOS_AmbientAudioApp.swift */ = {isa = PBXFileReference; lastKnownFileType = sourcecode.swift; path = VisionOS_AmbientAudioApp.swift; sourceTree = "<group>"; };
		32A1DAB52B89E33C00EE66CD /* ContentView.swift */ = {isa = PBXFileReference; lastKnownFileType = sourcecode.swift; path = ContentView.swift; sourceTree = "<group>"; };
		32A1DAB72B89E33C00EE66CD /* ImmersiveView.swift */ = {isa = PBXFileReference; lastKnownFileType = sourcecode.swift; path = ImmersiveView.swift; sourceTree = "<group>"; };
		32A1DAB92B89E33C00EE66CD /* ImageBasedLighting.skybox */ = {isa = PBXFileReference; lastKnownFileType = file.skybox; path = ImageBasedLighting.skybox; sourceTree = "<group>"; };
		32A1DABB2B89E33D00EE66CD /* Assets.xcassets */ = {isa = PBXFileReference; lastKnownFileType = folder.assetcatalog; path = Assets.xcassets; sourceTree = "<group>"; };
		32A1DABE2B89E33D00EE66CD /* Preview Assets.xcassets */ = {isa = PBXFileReference; lastKnownFileType = folder.assetcatalog; path = "Preview Assets.xcassets"; sourceTree = "<group>"; };
		32A1DAC02B89E33D00EE66CD /* Info.plist */ = {isa = PBXFileReference; lastKnownFileType = text.plist.xml; path = Info.plist; sourceTree = "<group>"; };
/* End PBXFileReference section */

/* Begin PBXFrameworksBuildPhase section */
		32A1DAA92B89E33C00EE66CD /* Frameworks */ = {
			isa = PBXFrameworksBuildPhase;
			buildActionMask = 2147483647;
			files = (
				32A1DAB22B89E33C00EE66CD /* RealityKitContent in Frameworks */,
			);
			runOnlyForDeploymentPostprocessing = 0;
		};
/* End PBXFrameworksBuildPhase section */

/* Begin PBXGroup section */
		32A1DAA32B89E33C00EE66CD = {
			isa = PBXGroup;
			children = (
				32A1DAAE2B89E33C00EE66CD /* VisionOS_AmbientAudio */,
				32A1DAAF2B89E33C00EE66CD /* Packages */,
				32A1DAAD2B89E33C00EE66CD /* Products */,
			);
			sourceTree = "<group>";
		};
		32A1DAAD2B89E33C00EE66CD /* Products */ = {
			isa = PBXGroup;
			children = (
				32A1DAAC2B89E33C00EE66CD /* VisionOS_AmbientAudio.app */,
			);
			name = Products;
			sourceTree = "<group>";
		};
		32A1DAAE2B89E33C00EE66CD /* VisionOS_AmbientAudio */ = {
			isa = PBXGroup;
			children = (
				32A1DAB32B89E33C00EE66CD /* VisionOS_AmbientAudioApp.swift */,
				32A1DAB52B89E33C00EE66CD /* ContentView.swift */,
				32A1DAB72B89E33C00EE66CD /* ImmersiveView.swift */,
				32A1DAB92B89E33C00EE66CD /* ImageBasedLighting.skybox */,
				32A1DABB2B89E33D00EE66CD /* Assets.xcassets */,
				32A1DAC02B89E33D00EE66CD /* Info.plist */,
				32A1DABD2B89E33D00EE66CD /* Preview Content */,
			);
			path = VisionOS_AmbientAudio;
			sourceTree = "<group>";
		};
		32A1DAAF2B89E33C00EE66CD /* Packages */ = {
			isa = PBXGroup;
			children = (
				32A1DAB02B89E33C00EE66CD /* RealityKitContent */,
			);
			path = Packages;
			sourceTree = "<group>";
		};
		32A1DABD2B89E33D00EE66CD /* Preview Content */ = {
			isa = PBXGroup;
			children = (
				32A1DABE2B89E33D00EE66CD /* Preview Assets.xcassets */,
			);
			path = "Preview Content";
			sourceTree = "<group>";
		};
/* End PBXGroup section */

/* Begin PBXNativeTarget section */
		32A1DAAB2B89E33C00EE66CD /* VisionOS_AmbientAudio */ = {
			isa = PBXNativeTarget;
			buildConfigurationList = 32A1DAC32B89E33D00EE66CD /* Build configuration list for PBXNativeTarget "VisionOS_AmbientAudio" */;
			buildPhases = (
				32A1DAA82B89E33C00EE66CD /* Sources */,
				32A1DAA92B89E33C00EE66CD /* Frameworks */,
				32A1DAAA2B89E33C00EE66CD /* Resources */,
			);
			buildRules = (
			);
			dependencies = (
			);
			name = VisionOS_AmbientAudio;
			packageProductDependencies = (
				32A1DAB12B89E33C00EE66CD /* RealityKitContent */,
			);
			productName = aaaa;
			productReference = 32A1DAAC2B89E33C00EE66CD /* VisionOS_AmbientAudio.app */;
			productType = "com.apple.product-type.application";
		};
/* End PBXNativeTarget section */

/* Begin PBXProject section */
		32A1DAA42B89E33C00EE66CD /* Project object */ = {
			isa = PBXProject;
			attributes = {
				BuildIndependentTargetsInParallel = 1;
				LastSwiftUpdateCheck = 1520;
				LastUpgradeCheck = 1520;
				TargetAttributes = {
					32A1DAAB2B89E33C00EE66CD = {
						CreatedOnToolsVersion = 15.2;
					};
				};
			};
			buildConfigurationList = 32A1DAA72B89E33C00EE66CD /* Build configuration list for PBXProject "VisionOS_AmbientAudio" */;
			compatibilityVersion = "Xcode 14.0";
			developmentRegion = en;
			hasScannedForEncodings = 0;
			knownRegions = (
				en,
				Base,
			);
			mainGroup = 32A1DAA32B89E33C00EE66CD;
			productRefGroup = 32A1DAAD2B89E33C00EE66CD /* Products */;
			projectDirPath = "";
			projectRoot = "";
			targets = (
				32A1DAAB2B89E33C00EE66CD /* VisionOS_AmbientAudio */,
			);
		};
/* End PBXProject section */

/* Begin PBXResourcesBuildPhase section */
		32A1DAAA2B89E33C00EE66CD /* Resources */ = {
			isa = PBXResourcesBuildPhase;
			buildActionMask = 2147483647;
			files = (
				32A1DABC2B89E33D00EE66CD /* Assets.xcassets in Resources */,
				32A1DABF2B89E33D00EE66CD /* Preview Assets.xcassets in Resources */,
				32A1DABA2B89E33C00EE66CD /* ImageBasedLighting.skybox in Resources */,
			);
			runOnlyForDeploymentPostprocessing = 0;
		};
/* End PBXResourcesBuildPhase section */

/* Begin PBXSourcesBuildPhase section */
		32A1DAA82B89E33C00EE66CD /* Sources */ = {
			isa = PBXSourcesBuildPhase;
			buildActionMask = 2147483647;
			files = (
				32A1DAB62B89E33C00EE66CD /* ContentView.swift in Sources */,
				32A1DAB42B89E33C00EE66CD /* VisionOS_AmbientAudioApp.swift in Sources */,
				32A1DAB82B89E33C00EE66CD /* ImmersiveView.swift in Sources */,
			);
			runOnlyForDeploymentPostprocessing = 0;
		};
/* End PBXSourcesBuildPhase section */

/* Begin XCBuildConfiguration section */
		32A1DAC12B89E33D00EE66CD /* Debug */ = {
			isa = XCBuildConfiguration;
			buildSettings = {
				ALWAYS_SEARCH_USER_PATHS = NO;
				ASSETCATALOG_COMPILER_GENERATE_SWIFT_ASSET_SYMBOL_EXTENSIONS = YES;
				CLANG_ANALYZER_NONNULL = YES;
				CLANG_ANALYZER_NUMBER_OBJECT_CONVERSION = YES_AGGRESSIVE;
				CLANG_CXX_LANGUAGE_STANDARD = "gnu++20";
				CLANG_ENABLE_MODULES = YES;
				CLANG_ENABLE_OBJC_ARC = YES;
				CLANG_ENABLE_OBJC_WEAK = YES;
				CLANG_WARN_BLOCK_CAPTURE_AUTORELEASING = YES;
				CLANG_WARN_BOOL_CONVERSION = YES;
				CLANG_WARN_COMMA = YES;
				CLANG_WARN_CONSTANT_CONVERSION = YES;
				CLANG_WARN_DEPRECATED_OBJC_IMPLEMENTATIONS = YES;
				CLANG_WARN_DIRECT_OBJC_ISA_USAGE = YES_ERROR;
				CLANG_WARN_DOCUMENTATION_COMMENTS = YES;
				CLANG_WARN_EMPTY_BODY = YES;
				CLANG_WARN_ENUM_CONVERSION = YES;
				CLANG_WARN_INFINITE_RECURSION = YES;
				CLANG_WARN_INT_CONVERSION = YES;
				CLANG_WARN_NON_LITERAL_NULL_CONVERSION = YES;
				CLANG_WARN_OBJC_IMPLICIT_RETAIN_SELF = YES;
				CLANG_WARN_OBJC_LITERAL_CONVERSION = YES;
				CLANG_WARN_OBJC_ROOT_CLASS = YES_ERROR;
				CLANG_WARN_QUOTED_INCLUDE_IN_FRAMEWORK_HEADER = YES;
				CLANG_WARN_RANGE_LOOP_ANALYSIS = YES;
				CLANG_WARN_STRICT_PROTOTYPES = YES;
				CLANG_WARN_SUSPICIOUS_MOVE = YES;
				CLANG_WARN_UNGUARDED_AVAILABILITY = YES_AGGRESSIVE;
				CLANG_WARN_UNREACHABLE_CODE = YES;
				CLANG_WARN__DUPLICATE_METHOD_MATCH = YES;
				COPY_PHASE_STRIP = NO;
				DEBUG_INFORMATION_FORMAT = dwarf;
				ENABLE_STRICT_OBJC_MSGSEND = YES;
				ENABLE_TESTABILITY = YES;
				ENABLE_USER_SCRIPT_SANDBOXING = YES;
				GCC_C_LANGUAGE_STANDARD = gnu17;
				GCC_DYNAMIC_NO_PIC = NO;
				GCC_NO_COMMON_BLOCKS = YES;
				GCC_OPTIMIZATION_LEVEL = 0;
				GCC_PREPROCESSOR_DEFINITIONS = (
					"DEBUG=1",
					"$(inherited)",
				);
				GCC_WARN_64_TO_32_BIT_CONVERSION = YES;
				GCC_WARN_ABOUT_RETURN_TYPE = YES_ERROR;
				GCC_WARN_UNDECLARED_SELECTOR = YES;
				GCC_WARN_UNINITIALIZED_AUTOS = YES_AGGRESSIVE;
				GCC_WARN_UNUSED_FUNCTION = YES;
				GCC_WARN_UNUSED_VARIABLE = YES;
				LOCALIZATION_PREFERS_STRING_CATALOGS = YES;
				MTL_ENABLE_DEBUG_INFO = INCLUDE_SOURCE;
				MTL_FAST_MATH = YES;
				ONLY_ACTIVE_ARCH = YES;
				SDKROOT = xros;
				SWIFT_ACTIVE_COMPILATION_CONDITIONS = "DEBUG $(inherited)";
				SWIFT_OPTIMIZATION_LEVEL = "-Onone";
				XROS_DEPLOYMENT_TARGET = 1.0;
			};
			name = Debug;
		};
		32A1DAC22B89E33D00EE66CD /* Release */ = {
			isa = XCBuildConfiguration;
			buildSettings = {
				ALWAYS_SEARCH_USER_PATHS = NO;
				ASSETCATALOG_COMPILER_GENERATE_SWIFT_ASSET_SYMBOL_EXTENSIONS = YES;
				CLANG_ANALYZER_NONNULL = YES;
				CLANG_ANALYZER_NUMBER_OBJECT_CONVERSION = YES_AGGRESSIVE;
				CLANG_CXX_LANGUAGE_STANDARD = "gnu++20";
				CLANG_ENABLE_MODULES = YES;
				CLANG_ENABLE_OBJC_ARC = YES;
				CLANG_ENABLE_OBJC_WEAK = YES;
				CLANG_WARN_BLOCK_CAPTURE_AUTORELEASING = YES;
				CLANG_WARN_BOOL_CONVERSION = YES;
				CLANG_WARN_COMMA = YES;
				CLANG_WARN_CONSTANT_CONVERSION = YES;
				CLANG_WARN_DEPRECATED_OBJC_IMPLEMENTATIONS = YES;
				CLANG_WARN_DIRECT_OBJC_ISA_USAGE = YES_ERROR;
				CLANG_WARN_DOCUMENTATION_COMMENTS = YES;
				CLANG_WARN_EMPTY_BODY = YES;
				CLANG_WARN_ENUM_CONVERSION = YES;
				CLANG_WARN_INFINITE_RECURSION = YES;
				CLANG_WARN_INT_CONVERSION = YES;
				CLANG_WARN_NON_LITERAL_NULL_CONVERSION = YES;
				CLANG_WARN_OBJC_IMPLICIT_RETAIN_SELF = YES;
				CLANG_WARN_OBJC_LITERAL_CONVERSION = YES;
				CLANG_WARN_OBJC_ROOT_CLASS = YES_ERROR;
				CLANG_WARN_QUOTED_INCLUDE_IN_FRAMEWORK_HEADER = YES;
				CLANG_WARN_RANGE_LOOP_ANALYSIS = YES;
				CLANG_WARN_STRICT_PROTOTYPES = YES;
				CLANG_WARN_SUSPICIOUS_MOVE = YES;
				CLANG_WARN_UNGUARDED_AVAILABILITY = YES_AGGRESSIVE;
				CLANG_WARN_UNREACHABLE_CODE = YES;
				CLANG_WARN__DUPLICATE_METHOD_MATCH = YES;
				COPY_PHASE_STRIP = NO;
				DEBUG_INFORMATION_FORMAT = "dwarf-with-dsym";
				ENABLE_NS_ASSERTIONS = NO;
				ENABLE_STRICT_OBJC_MSGSEND = YES;
				ENABLE_USER_SCRIPT_SANDBOXING = YES;
				GCC_C_LANGUAGE_STANDARD = gnu17;
				GCC_NO_COMMON_BLOCKS = YES;
				GCC_WARN_64_TO_32_BIT_CONVERSION = YES;
				GCC_WARN_ABOUT_RETURN_TYPE = YES_ERROR;
				GCC_WARN_UNDECLARED_SELECTOR = YES;
				GCC_WARN_UNINITIALIZED_AUTOS = YES_AGGRESSIVE;
				GCC_WARN_UNUSED_FUNCTION = YES;
				GCC_WARN_UNUSED_VARIABLE = YES;
				LOCALIZATION_PREFERS_STRING_CATALOGS = YES;
				MTL_ENABLE_DEBUG_INFO = NO;
				MTL_FAST_MATH = YES;
				SDKROOT = xros;
				SWIFT_COMPILATION_MODE = wholemodule;
				VALIDATE_PRODUCT = YES;
				XROS_DEPLOYMENT_TARGET = 1.0;
			};
			name = Release;
		};
		32A1DAC42B89E33D00EE66CD /* Debug */ = {
			isa = XCBuildConfiguration;
			buildSettings = {
				ASSETCATALOG_COMPILER_APPICON_NAME = AppIcon;
				ASSETCATALOG_COMPILER_GLOBAL_ACCENT_COLOR_NAME = AccentColor;
				CODE_SIGN_STYLE = Automatic;
				CURRENT_PROJECT_VERSION = 1;
				DEVELOPMENT_ASSET_PATHS = "\"VisionOS_AmbientAudio/Preview Content\"";
				DEVELOPMENT_TEAM = NN25Z6FNSV;
				ENABLE_PREVIEWS = YES;
				GENERATE_INFOPLIST_FILE = YES;
				INFOPLIST_FILE = "$(TARGET_NAME)/Info.plist";
				LD_RUNPATH_SEARCH_PATHS = (
					"$(inherited)",
					"@executable_path/Frameworks",
				);
				MARKETING_VERSION = 1.0;
				PRODUCT_BUNDLE_IDENTIFIER = owlexandria.aaaa;
				PRODUCT_NAME = "$(TARGET_NAME)";
				SUPPORTED_PLATFORMS = "xros xrsimulator";
				SWIFT_EMIT_LOC_STRINGS = YES;
				SWIFT_VERSION = 5.0;
				TARGETED_DEVICE_FAMILY = "1,2,7";
			};
			name = Debug;
		};
		32A1DAC52B89E33D00EE66CD /* Release */ = {
			isa = XCBuildConfiguration;
			buildSettings = {
				ASSETCATALOG_COMPILER_APPICON_NAME = AppIcon;
				ASSETCATALOG_COMPILER_GLOBAL_ACCENT_COLOR_NAME = AccentColor;
				CODE_SIGN_STYLE = Automatic;
				CURRENT_PROJECT_VERSION = 1;
				DEVELOPMENT_ASSET_PATHS = "\"VisionOS_AmbientAudio/Preview Content\"";
				DEVELOPMENT_TEAM = NN25Z6FNSV;
				ENABLE_PREVIEWS = YES;
				GENERATE_INFOPLIST_FILE = YES;
				INFOPLIST_FILE = "$(TARGET_NAME)/Info.plist";
				LD_RUNPATH_SEARCH_PATHS = (
					"$(inherited)",
					"@executable_path/Frameworks",
				);
				MARKETING_VERSION = 1.0;
				PRODUCT_BUNDLE_IDENTIFIER = owlexandria.aaaa;
				PRODUCT_NAME = "$(TARGET_NAME)";
				SUPPORTED_PLATFORMS = "xros xrsimulator";
				SWIFT_EMIT_LOC_STRINGS = YES;
				SWIFT_VERSION = 5.0;
				TARGETED_DEVICE_FAMILY = "1,2,7";
			};
			name = Release;
		};
/* End XCBuildConfiguration section */

/* Begin XCConfigurationList section */
		32A1DAA72B89E33C00EE66CD /* Build configuration list for PBXProject "VisionOS_AmbientAudio" */ = {
			isa = XCConfigurationList;
			buildConfigurations = (
				32A1DAC12B89E33D00EE66CD /* Debug */,
				32A1DAC22B89E33D00EE66CD /* Release */,
			);
			defaultConfigurationIsVisible = 0;
			defaultConfigurationName = Release;
		};
		32A1DAC32B89E33D00EE66CD /* Build configuration list for PBXNativeTarget "VisionOS_AmbientAudio" */ = {
			isa = XCConfigurationList;
			buildConfigurations = (
				32A1DAC42B89E33D00EE66CD /* Debug */,
				32A1DAC52B89E33D00EE66CD /* Release */,
			);
			defaultConfigurationIsVisible = 0;
			defaultConfigurationName = Release;
		};
/* End XCConfigurationList section */

/* Begin XCSwiftPackageProductDependency section */
		32A1DAB12B89E33C00EE66CD /* RealityKitContent */ = {
			isa = XCSwiftPackageProductDependency;
			productName = RealityKitContent;
		};
/* End XCSwiftPackageProductDependency section */
	};
	rootObject = 32A1DAA42B89E33C00EE66CD /* Project object */;
}
